
Microsoft Visual Studio Solution File, Format Version 11.00
# Visual Studio 2010
Project("{FAE04EC0-301F-11D3-BF4B-00C04F79EFBC}") = "SoftT15_dll", "CATS_Perl\SoftT15_dll.csproj", "{7DCEA891-9160-4DE0-B6AD-EDB0E30E68B8}"
EndProject
Project("{FAE04EC0-301F-11D3-BF4B-00C04F79EFBC}") = "SoftT15Test", "CATSTest\SoftT15Test.csproj", "{07BF525B-C875-4FE5-B8D2-E4D9ED5438DD}"
EndProject
Global
	GlobalSection(SolutionConfigurationPlatforms) = preSolution
		Debug|Any CPU = Debug|Any CPU
		Debug|Mixed Platforms = Debug|Mixed Platforms
		Debug|x86 = Debug|x86
		Release|Any CPU = Release|Any CPU
		Release|Mixed Platforms = Release|Mixed Platforms
		Release|x86 = Release|x86
	EndGlobalSection
	GlobalSection(ProjectConfigurationPlatforms) = postSolution
		{7DCEA891-9160-4DE0-B6AD-EDB0E30E68B8}.Debug|Any CPU.ActiveCfg = Debug|Any CPU
		{7DCEA891-9160-4DE0-B6AD-EDB0E30E68B8}.Debug|Any CPU.Build.0 = Debug|Any CPU
		{7DCEA891-9160-4DE0-B6AD-EDB0E30E68B8}.Debug|Mixed Platforms.ActiveCfg = Debug|Any CPU
		{7DCEA891-9160-4DE0-B6AD-EDB0E30E68B8}.Debug|Mixed Platforms.Build.0 = Debug|Any CPU
		{7DCEA891-9160-4DE0-B6AD-EDB0E30E68B8}.Debug|x86.ActiveCfg = Debug|Any CPU
		{7DCEA891-9160-4DE0-B6AD-EDB0E30E68B8}.Release|Any CPU.ActiveCfg = Release|Any CPU
		{7DCEA891-9160-4DE0-B6AD-EDB0E30E68B8}.Release|Any CPU.Build.0 = Release|Any CPU
		{7DCEA891-9160-4DE0-B6AD-EDB0E30E68B8}.Release|Mixed Platforms.ActiveCfg = Release|Any CPU
		{7DCEA891-9160-4DE0-B6AD-EDB0E30E68B8}.Release|Mixed Platforms.Build.0 = Release|Any CPU
		{7DCEA891-9160-4DE0-B6AD-EDB0E30E68B8}.Release|x86.ActiveCfg = Release|Any CPU
		{07BF525B-C875-4FE5-B8D2-E4D9ED5438DD}.Debug|Any CPU.ActiveCfg = Debug|x86
		{07BF525B-C875-4FE5-B8D2-E4D9ED5438DD}.Debug|Mixed Platforms.ActiveCfg = Debug|x86
		{07BF525B-C875-4FE5-B8D2-E4D9ED5438DD}.Debug|Mixed Platforms.Build.0 = Debug|x86
		{07BF525B-C875-4FE5-B8D2-E4D9ED5438DD}.Debug|x86.ActiveCfg = Debug|x86
		{07BF525B-C875-4FE5-B8D2-E4D9ED5438DD}.Debug|x86.Build.0 = Debug|x86
		{07BF525B-C875-4FE5-B8D2-E4D9ED5438DD}.Release|Any CPU.ActiveCfg = Release|x86
		{07BF525B-C875-4FE5-B8D2-E4D9ED5438DD}.Release|Mixed Platforms.ActiveCfg = Release|x86
		{07BF525B-C875-4FE5-B8D2-E4D9ED5438DD}.Release|Mixed Platforms.Build.0 = Release|x86
		{07BF525B-C875-4FE5-B8D2-E4D9ED5438DD}.Release|x86.ActiveCfg = Release|x86
		{07BF525B-C875-4FE5-B8D2-E4D9ED5438DD}.Release|x86.Build.0 = Release|x86
	EndGlobalSection
	GlobalSection(SolutionProperties) = preSolution
		HideSolutionNode = FALSE
	EndGlobalSection
EndGlobal
